
Microsoft Visual Studio Solution File, Format Version 12.00
# Visual Studio Version 16
VisualStudioVersion = 16.0.30523.141
MinimumVisualStudioVersion = 10.0.40219.1
Project("{FAE04EC0-301F-11D3-BF4B-00C04F79EFBC}") = "MVVM_WPF", "MVVM_WPF\MVVM_WPF.csproj", "{0D9FFB5D-4175-47DD-A492-8E22AB084A8D}"
EndProject
Project("{FAE04EC0-301F-11D3-BF4B-00C04F79EFBC}") = "MVVM_DAL", "MVVM_DAL\MVVM_DAL.csproj", "{BCD64F0D-7314-4BE0-AB0C-0F4940170A44}"
EndProject
Global
	GlobalSection(SolutionConfigurationPlatforms) = preSolution
		Debug|Any CPU = Debug|Any CPU
		Release|Any CPU = Release|Any CPU
	EndGlobalSection
	GlobalSection(ProjectConfigurationPlatforms) = postSolution
		{0D9FFB5D-4175-47DD-A492-8E22AB084A8D}.Debug|Any CPU.ActiveCfg = Debug|Any CPU
		{0D9FFB5D-4175-47DD-A492-8E22AB084A8D}.Debug|Any CPU.Build.0 = Debug|Any CPU
		{0D9FFB5D-4175-47DD-A492-8E22AB084A8D}.Release|Any CPU.ActiveCfg = Release|Any CPU
		{0D9FFB5D-4175-47DD-A492-8E22AB084A8D}.Release|Any CPU.Build.0 = Release|Any CPU
		{BCD64F0D-7314-4BE0-AB0C-0F4940170A44}.Debug|Any CPU.ActiveCfg = Debug|Any CPU
		{BCD64F0D-7314-4BE0-AB0C-0F4940170A44}.Debug|Any CPU.Build.0 = Debug|Any CPU
		{BCD64F0D-7314-4BE0-AB0C-0F4940170A44}.Release|Any CPU.ActiveCfg = Release|Any CPU
		{BCD64F0D-7314-4BE0-AB0C-0F4940170A44}.Release|Any CPU.Build.0 = Release|Any CPU
	EndGlobalSection
	GlobalSection(SolutionProperties) = preSolution
		HideSolutionNode = FALSE
	EndGlobalSection
	GlobalSection(ExtensibilityGlobals) = postSolution
		SolutionGuid = {3DD70D2B-398D-4418-A4CA-321EB80CB811}
	EndGlobalSection
EndGlobal
